
Microsoft Visual Studio Solution File, Format Version 12.00
# Visual Studio 15
VisualStudioVersion = 15.0.27130.2036
MinimumVisualStudioVersion = 10.0.40219.1
Project("{FAE04EC0-301F-11D3-BF4B-00C04F79EFBC}") = "DotNetCoreMVCOefeningenreeks2", "DotNetCoreMVCOefeningenreeks2\DotNetCoreMVCOefeningenreeks2.csproj", "{34EBAA41-D822-41DB-BA87-0BE895C16F88}"
EndProject
Global
	GlobalSection(SolutionConfigurationPlatforms) = preSolution
		Debug|Any CPU = Debug|Any CPU
		Release|Any CPU = Release|Any CPU
	EndGlobalSection
	GlobalSection(ProjectConfigurationPlatforms) = postSolution
		{34EBAA41-D822-41DB-BA87-0BE895C16F88}.Debug|Any CPU.ActiveCfg = Debug|Any CPU
		{34EBAA41-D822-41DB-BA87-0BE895C16F88}.Debug|Any CPU.Build.0 = Debug|Any CPU
		{34EBAA41-D822-41DB-BA87-0BE895C16F88}.Release|Any CPU.ActiveCfg = Release|Any CPU
		{34EBAA41-D822-41DB-BA87-0BE895C16F88}.Release|Any CPU.Build.0 = Release|Any CPU
	EndGlobalSection
	GlobalSection(SolutionProperties) = preSolution
		HideSolutionNode = FALSE
	EndGlobalSection
	GlobalSection(ExtensibilityGlobals) = postSolution
		SolutionGuid = {D0CF7A0F-29C8-4086-9E2D-4AAFF8BCE317}
	EndGlobalSection
EndGlobal
